{
  "object": {
    "pins": [
      {
        "package": "PromiseKit",
        "repositoryURL": "https://github.com/mxcl/PromiseKit",
        "state": {
          "branch": null,
          "revision": "93c8d41ce96ed78f36c3948be396d76f3ca3de1b",
          "version": "6.16.2"
        }
      },
      {
        "package": "SQLite.swift",
        "repositoryURL": "https://github.com/stephencelis/SQLite.swift",
        "state": {
          "branch": null,
          "revision": "60a65015f6402b7c34b9a924f755ca0a73afeeaa",
          "version": "0.13.1"
        }
      },
      {
        "package": "swift-collections",
        "repositoryURL": "https://github.com/apple/swift-collections",
        "state": {
          "branch": null,
          "revision": "937e904258d22af6e447a0b72c0bc67583ef64a2",
          "version": "1.0.4"
        }
      },
      {
        "package": "swift-log",
        "repositoryURL": "https://github.com/apple/swift-log",
        "state": {
          "branch": null,
          "revision": "5d66f7ba25daf4f94100e7022febf3c75e37a6c7",
          "version": "1.4.2"
        }
      },
      {
        "package": "swift-snapshot-testing",
        "repositoryURL": "https://github.com/pointfreeco/swift-snapshot-testing.git",
        "state": {
          "branch": null,
          "revision": "f29e2014f6230cf7d5138fc899da51c7f513d467",
          "version": "1.10.0"
        }
      },
      {
        "package": "Zip",
        "repositoryURL": "https://github.com/marmelroy/Zip",
        "state": {
          "branch": null,
          "revision": "bd19d974e8a38cc8d3a88c90c8a107386c3b8ccf",
          "version": "2.1.1"
        }
      }
    ]
  },
  "version": 1
}
