PODS:
  - Alamofire (4.7.2)
  - Crashlytics (3.8.6):
    - Fabric (~> 1.6.3)
  - DownloadButton (0.1.0)
  - Fabric (1.6.13)
  - GenericDataSources (3.0.1)
  - KVOController (1.2.0)
  - MenuItemKit (3.0.0)
  - Moya (10.0.0):
    - Moya/Core (= 10.0.0)
  - Moya/Core (10.0.0):
    - Alamofire (~> 4.1)
    - Result (~> 3.0)
  - "NSDate+TimeAgo (1.0.6)"
  - Popover.OC (1.2)
  - PromiseKit (4.4.3):
    - PromiseKit/Foundation (= 4.4.3)
    - PromiseKit/QuartzCore (= 4.4.3)
    - PromiseKit/UIKit (= 4.4.3)
  - PromiseKit/CorePromise (4.4.3)
  - PromiseKit/Foundation (4.4.3):
    - PromiseKit/CorePromise
  - PromiseKit/QuartzCore (4.4.3):
    - PromiseKit/CorePromise
  - PromiseKit/UIKit (4.4.3):
    - PromiseKit/CorePromise
  - Result (3.2.4)
  - RxCocoa (4.0.0):
    - RxSwift (~> 4.0)
  - RxSwift (4.1.2)
  - SQLite.swift (0.11.5):
    - SQLite.swift/standard (= 0.11.5)
  - SQLite.swift/standard (0.11.5)
  - SwiftLint (0.25.1)
  - SwiftMonkey (1.1.0)
  - SwiftyJSON (4.1.0)
  - Zip (1.1.0)

DEPENDENCIES:
  - Crashlytics
  - DownloadButton
  - Fabric
  - GenericDataSources
  - KVOController
  - MenuItemKit
  - Moya
  - "NSDate+TimeAgo"
  - "Popover.OC (from `git@github.com:mohamede1945/Popover.git`)"
  - PromiseKit
  - RxCocoa
  - RxSwift
  - SQLite.swift
  - SwiftLint
  - "SwiftMonkey (from `git@github.com:mohamede1945/SwiftMonkey.git`)"
  - SwiftyJSON
  - Zip

SPEC REPOS:
  https://github.com/CocoaPods/Specs.git:
    - Alamofire
    - Crashlytics
    - DownloadButton
    - Fabric
    - GenericDataSources
    - KVOController
    - MenuItemKit
    - Moya
    - "NSDate+TimeAgo"
    - PromiseKit
    - Result
    - RxCocoa
    - RxSwift
    - SQLite.swift
    - SwiftLint
    - SwiftyJSON
    - Zip

EXTERNAL SOURCES:
  Popover.OC:
    :git: "git@github.com:mohamede1945/Popover.git"
  SwiftMonkey:
    :git: "git@github.com:mohamede1945/SwiftMonkey.git"

CHECKOUT OPTIONS:
  Popover.OC:
    :commit: 7f2a6105ab1f01ba939be9c1c6f7f2bfcca61e7e
    :git: "git@github.com:mohamede1945/Popover.git"
  SwiftMonkey:
    :commit: 85c5d4bee0eb331292f819d0d15a51c3b89df6e1
    :git: "git@github.com:mohamede1945/SwiftMonkey.git"

SPEC CHECKSUMS:
  Alamofire: e4fa87002c137ba2d8d634d2c51fabcda0d5c223
  Crashlytics: 95d05f4e4c19a771250c4bd9ce344d996de32bbf
  DownloadButton: 49a21a89e0d7d1b42d9134f79aaa40e727cd57c3
  Fabric: 2fb5676bc811af011a04513451f463dac6803206
  GenericDataSources: 32b442c077468a7b9c2b4568c4237788e93e5bb7
  KVOController: d72ace34afea42468329623b3379ab3cd1d286b6
  MenuItemKit: d9b539b28fdbbd7980d6f3668b9cd6daefeabd9b
  Moya: adb58b0f4e58430db43cc6e2f6ebab1836501186
  "NSDate+TimeAgo": 35601c619b2d59290055e4fe76e61d97677a2360
  Popover.OC: e9e1d168b3ecf26d597a1fc47dd6c40359d8fb6d
  PromiseKit: fbb52a0d154402c57eeb6eccd36dd7724fcf6117
  Result: d2d07204ce72856f1fd9130bbe42c35a7b0fea10
  RxCocoa: d62846ca96495d862fa4c59ea7d87e5031d7340e
  RxSwift: e49536837d9901277638493ea537394d4b55f570
  SQLite.swift: 6e5356850bb1791459f8c16d6ee9195b28714a2e
  SwiftLint: ce933681be10c3266e82576dad676fa815a602e9
  SwiftMonkey: 3a46ef0da3f081c742542bf94c6e023030e811fd
  SwiftyJSON: c29297daf073d2aa016295d5809cdd68045c39b3
  Zip: 8877eede3dda76bcac281225c20e71c25270774c

PODFILE CHECKSUM: 3198f1af9dbdfea55d4662024c9eb8dad2af8f32

COCOAPODS: 1.5.0
