PODS:
  - Alamofire (4.4.0)
  - Crashlytics (3.8.4):
    - Fabric (~> 1.6.3)
  - DownloadButton (0.1.0)
  - Fabric (1.6.11)
  - GenericDataSources (2.4.4)
  - KVOController (1.2.0)
  - MenuItemKit (2.0)
  - Moya (8.0.3):
    - Moya/Core (= 8.0.3)
  - Moya/Core (8.0.3):
    - Alamofire (~> 4.1)
    - Result (~> 3.0)
  - PromiseKit (4.1.7):
    - PromiseKit/Foundation (= 4.1.7)
    - PromiseKit/QuartzCore (= 4.1.7)
    - PromiseKit/UIKit (= 4.1.7)
  - PromiseKit/CorePromise (4.1.7)
  - PromiseKit/Foundation (4.1.7):
    - PromiseKit/CorePromise
  - PromiseKit/QuartzCore (4.1.7):
    - PromiseKit/CorePromise
  - PromiseKit/UIKit (4.1.7):
    - PromiseKit/CorePromise
  - Result (3.2.1)
  - SQLite.swift (0.11.3):
    - SQLite.swift/standard (= 0.11.3)
  - SQLite.swift/standard (0.11.3)
  - SwiftyJSON (3.1.4)
  - Zip (0.6.0)

DEPENDENCIES:
  - Crashlytics
  - DownloadButton
  - Fabric
  - GenericDataSources
  - KVOController
  - MenuItemKit
  - Moya
  - PromiseKit
  - SQLite.swift (~> 0.11.0)
  - SwiftyJSON
  - Zip (~> 0.6)

SPEC CHECKSUMS:
  Alamofire: dc44b1600b800eb63da6a19039a0083d62a6a62d
  Crashlytics: 79e236942ca1e7fc641df1feb9a275360a78ab6a
  DownloadButton: 49a21a89e0d7d1b42d9134f79aaa40e727cd57c3
  Fabric: 5911403591946b8228ab1c51d98f1d7137e863c6
  GenericDataSources: 70b1ce367744c595444a7da9a43784536de9173f
  KVOController: d72ace34afea42468329623b3379ab3cd1d286b6
  MenuItemKit: 9af69953dc983803ee85230e205fadbac0f26213
  Moya: d3721622e3cc0cc2f038d69a258686f0b66e7252
  PromiseKit: 779f2e41faf62d854e7593026ddbcb0bb5c5002d
  Result: 2453a22e5c5b11c0c3a478736e82cd02f763b781
  SQLite.swift: 99b36c22084427f0abbeb957556ce1528cf10bb3
  SwiftyJSON: c2842d878f95482ffceec5709abc3d05680c0220
  Zip: 805fc2fa9d2f05bbb7762d982d7a42ccdcc51f42

PODFILE CHECKSUM: 99e4a8f7198b42159e9c4987a419a5bbee3977ab

COCOAPODS: 1.2.0
