{
  "pins" : [
    {
      "identity" : "swiftformat",
      "kind" : "remoteSourceControl",
      "location" : "https://github.com/nicklockwood/SwiftFormat",
      "state" : {
        "revision" : "402367fbe91d6a453bc608bfc0d93b14a301a519",
        "version" : "0.53.1"
      }
    }
  ],
  "version" : 2
}
