// !$*UTF8*$!
{
	archiveVersion = 1;
	classes = {
	};
	objectVersion = 56;
	objects = {

/* Begin PBXBuildFile section */
		D975EDC62A4791D6009DE942 /* AppDelegate.swift in Sources */ = {isa = PBXBuildFile; fileRef = D975EDC52A4791D6009DE942 /* AppDelegate.swift */; };
		D975EDC82A4791D6009DE942 /* SceneDelegate.swift in Sources */ = {isa = PBXBuildFile; fileRef = D975EDC72A4791D6009DE942 /* SceneDelegate.swift */; };
		D975EDCF2A4791D7009DE942 /* Assets.xcassets in Resources */ = {isa = PBXBuildFile; fileRef = D975EDCE2A4791D7009DE942 /* Assets.xcassets */; };
		D975EDD22A4791D7009DE942 /* LaunchScreen.storyboard in Resources */ = {isa = PBXBuildFile; fileRef = D975EDD02A4791D7009DE942 /* LaunchScreen.storyboard */; };
		D975EDE22A4795BD009DE942 /* AppStructureFeature in Frameworks */ = {isa = PBXBuildFile; productRef = D975EDE12A4795BD009DE942 /* AppStructureFeature */; };
		D975EDE52A47960D009DE942 /* Container.swift in Sources */ = {isa = PBXBuildFile; fileRef = D975EDE42A47960D009DE942 /* Container.swift */; };
		D975EDE72A4796AA009DE942 /* Analytics.swift in Sources */ = {isa = PBXBuildFile; fileRef = D975EDE62A4796AA009DE942 /* Analytics.swift */; };
		D975EDEA2A4799A2009DE942 /* reciters.plist in Resources */ = {isa = PBXBuildFile; fileRef = D975EDE92A4799A2009DE942 /* reciters.plist */; };
		D98543D32A47C88700F477A2 /* hafs_1405 in Resources */ = {isa = PBXBuildFile; fileRef = D98543D22A47C88700F477A2 /* hafs_1405 */; settings = {ASSET_TAGS = (hafs_1405, ); }; };
/* End PBXBuildFile section */

/* Begin PBXFileReference section */
		D975EDC22A4791D6009DE942 /* QuranEngineApp.app */ = {isa = PBXFileReference; explicitFileType = wrapper.application; includeInIndex = 0; path = QuranEngineApp.app; sourceTree = BUILT_PRODUCTS_DIR; };
		D975EDC52A4791D6009DE942 /* AppDelegate.swift */ = {isa = PBXFileReference; lastKnownFileType = sourcecode.swift; path = AppDelegate.swift; sourceTree = "<group>"; };
		D975EDC72A4791D6009DE942 /* SceneDelegate.swift */ = {isa = PBXFileReference; lastKnownFileType = sourcecode.swift; path = SceneDelegate.swift; sourceTree = "<group>"; };
		D975EDCE2A4791D7009DE942 /* Assets.xcassets */ = {isa = PBXFileReference; lastKnownFileType = folder.assetcatalog; path = Assets.xcassets; sourceTree = "<group>"; };
		D975EDD12A4791D7009DE942 /* Base */ = {isa = PBXFileReference; lastKnownFileType = file.storyboard; name = Base; path = Base.lproj/LaunchScreen.storyboard; sourceTree = "<group>"; };
		D975EDD32A4791D7009DE942 /* Info.plist */ = {isa = PBXFileReference; lastKnownFileType = text.plist.xml; path = Info.plist; sourceTree = "<group>"; };
		D975EDDD2A479335009DE942 /* quran-ios */ = {isa = PBXFileReference; lastKnownFileType = wrapper; name = "quran-ios"; path = ..; sourceTree = "<group>"; };
		D975EDE42A47960D009DE942 /* Container.swift */ = {isa = PBXFileReference; lastKnownFileType = sourcecode.swift; path = Container.swift; sourceTree = "<group>"; };
		D975EDE62A4796AA009DE942 /* Analytics.swift */ = {isa = PBXFileReference; lastKnownFileType = sourcecode.swift; path = Analytics.swift; sourceTree = "<group>"; };
		D975EDE92A4799A2009DE942 /* reciters.plist */ = {isa = PBXFileReference; fileEncoding = 4; lastKnownFileType = text.plist.xml; path = reciters.plist; sourceTree = "<group>"; };
		D98543D22A47C88700F477A2 /* hafs_1405 */ = {isa = PBXFileReference; lastKnownFileType = folder; path = hafs_1405; sourceTree = "<group>"; };
/* End PBXFileReference section */

/* Begin PBXFrameworksBuildPhase section */
		D975EDBF2A4791D6009DE942 /* Frameworks */ = {
			isa = PBXFrameworksBuildPhase;
			buildActionMask = 2147483647;
			files = (
				D975EDE22A4795BD009DE942 /* AppStructureFeature in Frameworks */,
			);
			runOnlyForDeploymentPostprocessing = 0;
		};
/* End PBXFrameworksBuildPhase section */

/* Begin PBXGroup section */
		D975EDB92A4791D6009DE942 = {
			isa = PBXGroup;
			children = (
				D975EDDC2A479335009DE942 /* Packages */,
				D975EDC42A4791D6009DE942 /* QuranEngineApp */,
				D975EDC32A4791D6009DE942 /* Products */,
				D975EDE02A4795BD009DE942 /* Frameworks */,
			);
			sourceTree = "<group>";
		};
		D975EDC32A4791D6009DE942 /* Products */ = {
			isa = PBXGroup;
			children = (
				D975EDC22A4791D6009DE942 /* QuranEngineApp.app */,
			);
			name = Products;
			sourceTree = "<group>";
		};
		D975EDC42A4791D6009DE942 /* QuranEngineApp */ = {
			isa = PBXGroup;
			children = (
				D975EDD92A4791FE009DE942 /* Classes */,
				D975EDDA2A479204009DE942 /* Resources */,
				D975EDD32A4791D7009DE942 /* Info.plist */,
			);
			path = QuranEngineApp;
			sourceTree = "<group>";
		};
		D975EDD92A4791FE009DE942 /* Classes */ = {
			isa = PBXGroup;
			children = (
				D975EDC52A4791D6009DE942 /* AppDelegate.swift */,
				D975EDC72A4791D6009DE942 /* SceneDelegate.swift */,
				D975EDE42A47960D009DE942 /* Container.swift */,
				D975EDE62A4796AA009DE942 /* Analytics.swift */,
			);
			path = Classes;
			sourceTree = "<group>";
		};
		D975EDDA2A479204009DE942 /* Resources */ = {
			isa = PBXGroup;
			children = (
				D975EDED2A47C842009DE942 /* Readings */,
				D975EDE82A479965009DE942 /* plists */,
				D975EDDB2A47924D009DE942 /* UI */,
			);
			path = Resources;
			sourceTree = "<group>";
		};
		D975EDDB2A47924D009DE942 /* UI */ = {
			isa = PBXGroup;
			children = (
				D975EDD02A4791D7009DE942 /* LaunchScreen.storyboard */,
				D975EDCE2A4791D7009DE942 /* Assets.xcassets */,
			);
			path = UI;
			sourceTree = "<group>";
		};
		D975EDDC2A479335009DE942 /* Packages */ = {
			isa = PBXGroup;
			children = (
				D975EDDD2A479335009DE942 /* quran-ios */,
			);
			name = Packages;
			sourceTree = "<group>";
		};
		D975EDE02A4795BD009DE942 /* Frameworks */ = {
			isa = PBXGroup;
			children = (
			);
			name = Frameworks;
			sourceTree = "<group>";
		};
		D975EDE82A479965009DE942 /* plists */ = {
			isa = PBXGroup;
			children = (
				D975EDE92A4799A2009DE942 /* reciters.plist */,
			);
			path = plists;
			sourceTree = "<group>";
		};
		D975EDED2A47C842009DE942 /* Readings */ = {
			isa = PBXGroup;
			children = (
				D98543D22A47C88700F477A2 /* hafs_1405 */,
			);
			path = Readings;
			sourceTree = "<group>";
		};
/* End PBXGroup section */

/* Begin PBXNativeTarget section */
		D975EDC12A4791D6009DE942 /* QuranEngineApp */ = {
			isa = PBXNativeTarget;
			buildConfigurationList = D975EDD62A4791D7009DE942 /* Build configuration list for PBXNativeTarget "QuranEngineApp" */;
			buildPhases = (
				D975EDBE2A4791D6009DE942 /* Sources */,
				D975EDBF2A4791D6009DE942 /* Frameworks */,
				D975EDC02A4791D6009DE942 /* Resources */,
			);
			buildRules = (
			);
			dependencies = (
			);
			name = QuranEngineApp;
			packageProductDependencies = (
				D975EDE12A4795BD009DE942 /* AppStructureFeature */,
			);
			productName = QuranEngineApp;
			productReference = D975EDC22A4791D6009DE942 /* QuranEngineApp.app */;
			productType = "com.apple.product-type.application";
		};
/* End PBXNativeTarget section */

/* Begin PBXProject section */
		D975EDBA2A4791D6009DE942 /* Project object */ = {
			isa = PBXProject;
			attributes = {
				BuildIndependentTargetsInParallel = 1;
				KnownAssetTags = (
					hafs_1405,
				);
				LastSwiftUpdateCheck = 1430;
				LastUpgradeCheck = 1430;
				TargetAttributes = {
					D975EDC12A4791D6009DE942 = {
						CreatedOnToolsVersion = 14.3;
					};
				};
			};
			buildConfigurationList = D975EDBD2A4791D6009DE942 /* Build configuration list for PBXProject "QuranEngineApp" */;
			compatibilityVersion = "Xcode 14.0";
			developmentRegion = en;
			hasScannedForEncodings = 0;
			knownRegions = (
				en,
				Base,
			);
			mainGroup = D975EDB92A4791D6009DE942;
			productRefGroup = D975EDC32A4791D6009DE942 /* Products */;
			projectDirPath = "";
			projectRoot = "";
			targets = (
				D975EDC12A4791D6009DE942 /* QuranEngineApp */,
			);
		};
/* End PBXProject section */

/* Begin PBXResourcesBuildPhase section */
		D975EDC02A4791D6009DE942 /* Resources */ = {
			isa = PBXResourcesBuildPhase;
			buildActionMask = 2147483647;
			files = (
				D98543D32A47C88700F477A2 /* hafs_1405 in Resources */,
				D975EDD22A4791D7009DE942 /* LaunchScreen.storyboard in Resources */,
				D975EDCF2A4791D7009DE942 /* Assets.xcassets in Resources */,
				D975EDEA2A4799A2009DE942 /* reciters.plist in Resources */,
			);
			runOnlyForDeploymentPostprocessing = 0;
		};
/* End PBXResourcesBuildPhase section */

/* Begin PBXSourcesBuildPhase section */
		D975EDBE2A4791D6009DE942 /* Sources */ = {
			isa = PBXSourcesBuildPhase;
			buildActionMask = 2147483647;
			files = (
				D975EDC62A4791D6009DE942 /* AppDelegate.swift in Sources */,
				D975EDE52A47960D009DE942 /* Container.swift in Sources */,
				D975EDE72A4796AA009DE942 /* Analytics.swift in Sources */,
				D975EDC82A4791D6009DE942 /* SceneDelegate.swift in Sources */,
			);
			runOnlyForDeploymentPostprocessing = 0;
		};
/* End PBXSourcesBuildPhase section */

/* Begin PBXVariantGroup section */
		D975EDD02A4791D7009DE942 /* LaunchScreen.storyboard */ = {
			isa = PBXVariantGroup;
			children = (
				D975EDD12A4791D7009DE942 /* Base */,
			);
			name = LaunchScreen.storyboard;
			sourceTree = "<group>";
		};
/* End PBXVariantGroup section */

/* Begin XCBuildConfiguration section */
		D975EDD42A4791D7009DE942 /* Debug */ = {
			isa = XCBuildConfiguration;
			buildSettings = {
				ALWAYS_SEARCH_USER_PATHS = NO;
				CLANG_ANALYZER_NONNULL = YES;
				CLANG_ANALYZER_NUMBER_OBJECT_CONVERSION = YES_AGGRESSIVE;
				CLANG_CXX_LANGUAGE_STANDARD = "gnu++20";
				CLANG_ENABLE_MODULES = YES;
				CLANG_ENABLE_OBJC_ARC = YES;
				CLANG_ENABLE_OBJC_WEAK = YES;
				CLANG_WARN_BLOCK_CAPTURE_AUTORELEASING = YES;
				CLANG_WARN_BOOL_CONVERSION = YES;
				CLANG_WARN_COMMA = YES;
				CLANG_WARN_CONSTANT_CONVERSION = YES;
				CLANG_WARN_DEPRECATED_OBJC_IMPLEMENTATIONS = YES;
				CLANG_WARN_DIRECT_OBJC_ISA_USAGE = YES_ERROR;
				CLANG_WARN_DOCUMENTATION_COMMENTS = YES;
				CLANG_WARN_EMPTY_BODY = YES;
				CLANG_WARN_ENUM_CONVERSION = YES;
				CLANG_WARN_INFINITE_RECURSION = YES;
				CLANG_WARN_INT_CONVERSION = YES;
				CLANG_WARN_NON_LITERAL_NULL_CONVERSION = YES;
				CLANG_WARN_OBJC_IMPLICIT_RETAIN_SELF = YES;
				CLANG_WARN_OBJC_LITERAL_CONVERSION = YES;
				CLANG_WARN_OBJC_ROOT_CLASS = YES_ERROR;
				CLANG_WARN_QUOTED_INCLUDE_IN_FRAMEWORK_HEADER = YES;
				CLANG_WARN_RANGE_LOOP_ANALYSIS = YES;
				CLANG_WARN_STRICT_PROTOTYPES = YES;
				CLANG_WARN_SUSPICIOUS_MOVE = YES;
				CLANG_WARN_UNGUARDED_AVAILABILITY = YES_AGGRESSIVE;
				CLANG_WARN_UNREACHABLE_CODE = YES;
				CLANG_WARN__DUPLICATE_METHOD_MATCH = YES;
				COPY_PHASE_STRIP = NO;
				DEBUG_INFORMATION_FORMAT = dwarf;
				ENABLE_STRICT_OBJC_MSGSEND = YES;
				ENABLE_TESTABILITY = YES;
				GCC_C_LANGUAGE_STANDARD = gnu11;
				GCC_DYNAMIC_NO_PIC = NO;
				GCC_NO_COMMON_BLOCKS = YES;
				GCC_OPTIMIZATION_LEVEL = 0;
				GCC_PREPROCESSOR_DEFINITIONS = (
					"DEBUG=1",
					"$(inherited)",
				);
				GCC_WARN_64_TO_32_BIT_CONVERSION = YES;
				GCC_WARN_ABOUT_RETURN_TYPE = YES_ERROR;
				GCC_WARN_UNDECLARED_SELECTOR = YES;
				GCC_WARN_UNINITIALIZED_AUTOS = YES_AGGRESSIVE;
				GCC_WARN_UNUSED_FUNCTION = YES;
				GCC_WARN_UNUSED_VARIABLE = YES;
				IPHONEOS_DEPLOYMENT_TARGET = 16.4;
				MTL_ENABLE_DEBUG_INFO = INCLUDE_SOURCE;
				MTL_FAST_MATH = YES;
				ONLY_ACTIVE_ARCH = YES;
				SDKROOT = iphoneos;
				SWIFT_ACTIVE_COMPILATION_CONDITIONS = DEBUG;
				SWIFT_OPTIMIZATION_LEVEL = "-Onone";
			};
			name = Debug;
		};
		D975EDD52A4791D7009DE942 /* Release */ = {
			isa = XCBuildConfiguration;
			buildSettings = {
				ALWAYS_SEARCH_USER_PATHS = NO;
				CLANG_ANALYZER_NONNULL = YES;
				CLANG_ANALYZER_NUMBER_OBJECT_CONVERSION = YES_AGGRESSIVE;
				CLANG_CXX_LANGUAGE_STANDARD = "gnu++20";
				CLANG_ENABLE_MODULES = YES;
				CLANG_ENABLE_OBJC_ARC = YES;
				CLANG_ENABLE_OBJC_WEAK = YES;
				CLANG_WARN_BLOCK_CAPTURE_AUTORELEASING = YES;
				CLANG_WARN_BOOL_CONVERSION = YES;
				CLANG_WARN_COMMA = YES;
				CLANG_WARN_CONSTANT_CONVERSION = YES;
				CLANG_WARN_DEPRECATED_OBJC_IMPLEMENTATIONS = YES;
				CLANG_WARN_DIRECT_OBJC_ISA_USAGE = YES_ERROR;
				CLANG_WARN_DOCUMENTATION_COMMENTS = YES;
				CLANG_WARN_EMPTY_BODY = YES;
				CLANG_WARN_ENUM_CONVERSION = YES;
				CLANG_WARN_INFINITE_RECURSION = YES;
				CLANG_WARN_INT_CONVERSION = YES;
				CLANG_WARN_NON_LITERAL_NULL_CONVERSION = YES;
				CLANG_WARN_OBJC_IMPLICIT_RETAIN_SELF = YES;
				CLANG_WARN_OBJC_LITERAL_CONVERSION = YES;
				CLANG_WARN_OBJC_ROOT_CLASS = YES_ERROR;
				CLANG_WARN_QUOTED_INCLUDE_IN_FRAMEWORK_HEADER = YES;
				CLANG_WARN_RANGE_LOOP_ANALYSIS = YES;
				CLANG_WARN_STRICT_PROTOTYPES = YES;
				CLANG_WARN_SUSPICIOUS_MOVE = YES;
				CLANG_WARN_UNGUARDED_AVAILABILITY = YES_AGGRESSIVE;
				CLANG_WARN_UNREACHABLE_CODE = YES;
				CLANG_WARN__DUPLICATE_METHOD_MATCH = YES;
				COPY_PHASE_STRIP = NO;
				DEBUG_INFORMATION_FORMAT = "dwarf-with-dsym";
				ENABLE_NS_ASSERTIONS = NO;
				ENABLE_STRICT_OBJC_MSGSEND = YES;
				GCC_C_LANGUAGE_STANDARD = gnu11;
				GCC_NO_COMMON_BLOCKS = YES;
				GCC_WARN_64_TO_32_BIT_CONVERSION = YES;
				GCC_WARN_ABOUT_RETURN_TYPE = YES_ERROR;
				GCC_WARN_UNDECLARED_SELECTOR = YES;
				GCC_WARN_UNINITIALIZED_AUTOS = YES_AGGRESSIVE;
				GCC_WARN_UNUSED_FUNCTION = YES;
				GCC_WARN_UNUSED_VARIABLE = YES;
				IPHONEOS_DEPLOYMENT_TARGET = 16.4;
				MTL_ENABLE_DEBUG_INFO = NO;
				MTL_FAST_MATH = YES;
				SDKROOT = iphoneos;
				SWIFT_COMPILATION_MODE = wholemodule;
				SWIFT_OPTIMIZATION_LEVEL = "-O";
				VALIDATE_PRODUCT = YES;
			};
			name = Release;
		};
		D975EDD72A4791D7009DE942 /* Debug */ = {
			isa = XCBuildConfiguration;
			buildSettings = {
				ASSETCATALOG_COMPILER_APPICON_NAME = AppIcon;
				ASSETCATALOG_COMPILER_GLOBAL_ACCENT_COLOR_NAME = AccentColor;
				CODE_SIGN_STYLE = Automatic;
				CURRENT_PROJECT_VERSION = 1;
				DEVELOPMENT_TEAM = MKP73M5X4A;
				GENERATE_INFOPLIST_FILE = YES;
				INFOPLIST_FILE = QuranEngineApp/Info.plist;
				INFOPLIST_KEY_UIApplicationSupportsIndirectInputEvents = YES;
				INFOPLIST_KEY_UILaunchStoryboardName = LaunchScreen;
				INFOPLIST_KEY_UISupportedInterfaceOrientations_iPad = "UIInterfaceOrientationPortrait UIInterfaceOrientationPortraitUpsideDown UIInterfaceOrientationLandscapeLeft UIInterfaceOrientationLandscapeRight";
				INFOPLIST_KEY_UISupportedInterfaceOrientations_iPhone = "UIInterfaceOrientationPortrait UIInterfaceOrientationLandscapeLeft UIInterfaceOrientationLandscapeRight";
				IPHONEOS_DEPLOYMENT_TARGET = 15.0;
				LD_RUNPATH_SEARCH_PATHS = (
					"$(inherited)",
					"@executable_path/Frameworks",
				);
				MARKETING_VERSION = 1.20.3;
				PRODUCT_BUNDLE_IDENTIFIER = com.quran.QuranEngineApp;
				PRODUCT_NAME = "$(TARGET_NAME)";
				SWIFT_EMIT_LOC_STRINGS = YES;
				SWIFT_VERSION = 5.0;
				TARGETED_DEVICE_FAMILY = "1,2";
			};
			name = Debug;
		};
		D975EDD82A4791D7009DE942 /* Release */ = {
			isa = XCBuildConfiguration;
			buildSettings = {
				ASSETCATALOG_COMPILER_APPICON_NAME = AppIcon;
				ASSETCATALOG_COMPILER_GLOBAL_ACCENT_COLOR_NAME = AccentColor;
				CODE_SIGN_STYLE = Automatic;
				CURRENT_PROJECT_VERSION = 1;
				DEVELOPMENT_TEAM = MKP73M5X4A;
				GENERATE_INFOPLIST_FILE = YES;
				INFOPLIST_FILE = QuranEngineApp/Info.plist;
				INFOPLIST_KEY_UIApplicationSupportsIndirectInputEvents = YES;
				INFOPLIST_KEY_UILaunchStoryboardName = LaunchScreen;
				INFOPLIST_KEY_UISupportedInterfaceOrientations_iPad = "UIInterfaceOrientationPortrait UIInterfaceOrientationPortraitUpsideDown UIInterfaceOrientationLandscapeLeft UIInterfaceOrientationLandscapeRight";
				INFOPLIST_KEY_UISupportedInterfaceOrientations_iPhone = "UIInterfaceOrientationPortrait UIInterfaceOrientationLandscapeLeft UIInterfaceOrientationLandscapeRight";
				IPHONEOS_DEPLOYMENT_TARGET = 15.0;
				LD_RUNPATH_SEARCH_PATHS = (
					"$(inherited)",
					"@executable_path/Frameworks",
				);
				MARKETING_VERSION = 1.20.3;
				PRODUCT_BUNDLE_IDENTIFIER = com.quran.QuranEngineApp;
				PRODUCT_NAME = "$(TARGET_NAME)";
				SWIFT_EMIT_LOC_STRINGS = YES;
				SWIFT_VERSION = 5.0;
				TARGETED_DEVICE_FAMILY = "1,2";
			};
			name = Release;
		};
/* End XCBuildConfiguration section */

/* Begin XCConfigurationList section */
		D975EDBD2A4791D6009DE942 /* Build configuration list for PBXProject "QuranEngineApp" */ = {
			isa = XCConfigurationList;
			buildConfigurations = (
				D975EDD42A4791D7009DE942 /* Debug */,
				D975EDD52A4791D7009DE942 /* Release */,
			);
			defaultConfigurationIsVisible = 0;
			defaultConfigurationName = Release;
		};
		D975EDD62A4791D7009DE942 /* Build configuration list for PBXNativeTarget "QuranEngineApp" */ = {
			isa = XCConfigurationList;
			buildConfigurations = (
				D975EDD72A4791D7009DE942 /* Debug */,
				D975EDD82A4791D7009DE942 /* Release */,
			);
			defaultConfigurationIsVisible = 0;
			defaultConfigurationName = Release;
		};
/* End XCConfigurationList section */

/* Begin XCSwiftPackageProductDependency section */
		D975EDE12A4795BD009DE942 /* AppStructureFeature */ = {
			isa = XCSwiftPackageProductDependency;
			productName = AppStructureFeature;
		};
/* End XCSwiftPackageProductDependency section */
	};
	rootObject = D975EDBA2A4791D6009DE942 /* Project object */;
}
